PODS:
  - RainbowColorPicker (0.1.0)

DEPENDENCIES:
  - RainbowColorPicker (from `../`)

EXTERNAL SOURCES:
  RainbowColorPicker:
    :path: "../"

SPEC CHECKSUMS:
  RainbowColorPicker: bf94a801a2112df5fb8710f232ec18ad929a0d89

PODFILE CHECKSUM: 3a8344d3c113f29f292165f4c730584135fb53de

COCOAPODS: 1.9.1
